
Microsoft Visual Studio Solution File, Format Version 12.00
# Visual Studio Version 17
VisualStudioVersion = 17.1.32421.90
MinimumVisualStudioVersion = 10.0.40219.1
Project("{FAE04EC0-301F-11D3-BF4B-00C04F79EFBC}") = "challenge 4", "challenge 4\challenge 4.csproj", "{F07F684A-458B-4A44-A4BD-033BF7DB4CA0}"
EndProject
Global
	GlobalSection(SolutionConfigurationPlatforms) = preSolution
		Debug|Any CPU = Debug|Any CPU
		Release|Any CPU = Release|Any CPU
	EndGlobalSection
	GlobalSection(ProjectConfigurationPlatforms) = postSolution
		{F07F684A-458B-4A44-A4BD-033BF7DB4CA0}.Debug|Any CPU.ActiveCfg = Debug|Any CPU
		{F07F684A-458B-4A44-A4BD-033BF7DB4CA0}.Debug|Any CPU.Build.0 = Debug|Any CPU
		{F07F684A-458B-4A44-A4BD-033BF7DB4CA0}.Release|Any CPU.ActiveCfg = Release|Any CPU
		{F07F684A-458B-4A44-A4BD-033BF7DB4CA0}.Release|Any CPU.Build.0 = Release|Any CPU
	EndGlobalSection
	GlobalSection(SolutionProperties) = preSolution
		HideSolutionNode = FALSE
	EndGlobalSection
	GlobalSection(ExtensibilityGlobals) = postSolution
		SolutionGuid = {9A0F4620-083C-4815-B170-4476D185F152}
	EndGlobalSection
EndGlobal
